
Microsoft Visual Studio Solution File, Format Version 12.00
# Visual Studio Version 17
VisualStudioVersion = 17.3.32901.215
MinimumVisualStudioVersion = 10.0.40219.1
Project("{FAE04EC0-301F-11D3-BF4B-00C04F79EFBC}") = "PrimeirosProgramas", "PrimeirosProgramas\PrimeirosProgramas.csproj", "{33319582-8303-4715-9F4F-5A3E09B85896}"
EndProject
Global
	GlobalSection(SolutionConfigurationPlatforms) = preSolution
		Debug|Any CPU = Debug|Any CPU
		Release|Any CPU = Release|Any CPU
	EndGlobalSection
	GlobalSection(ProjectConfigurationPlatforms) = postSolution
		{33319582-8303-4715-9F4F-5A3E09B85896}.Debug|Any CPU.ActiveCfg = Debug|Any CPU
		{33319582-8303-4715-9F4F-5A3E09B85896}.Debug|Any CPU.Build.0 = Debug|Any CPU
		{33319582-8303-4715-9F4F-5A3E09B85896}.Release|Any CPU.ActiveCfg = Release|Any CPU
		{33319582-8303-4715-9F4F-5A3E09B85896}.Release|Any CPU.Build.0 = Release|Any CPU
	EndGlobalSection
	GlobalSection(SolutionProperties) = preSolution
		HideSolutionNode = FALSE
	EndGlobalSection
	GlobalSection(ExtensibilityGlobals) = postSolution
		SolutionGuid = {DE35DF3C-218B-4C2D-87C7-FDB94118BAC0}
	EndGlobalSection
EndGlobal
