
Microsoft Visual Studio Solution File, Format Version 12.00
# Visual Studio Version 17
VisualStudioVersion = 17.3.32901.215
MinimumVisualStudioVersion = 10.0.40219.1
Project("{FAE04EC0-301F-11D3-BF4B-00C04F79EFBC}") = "SlotMachine", "SlotMachine\SlotMachine.csproj", "{AE1B22B0-CEC0-4807-B4F7-9750E34A3FA8}"
EndProject
Global
	GlobalSection(SolutionConfigurationPlatforms) = preSolution
		Debug|Any CPU = Debug|Any CPU
		Release|Any CPU = Release|Any CPU
	EndGlobalSection
	GlobalSection(ProjectConfigurationPlatforms) = postSolution
		{AE1B22B0-CEC0-4807-B4F7-9750E34A3FA8}.Debug|Any CPU.ActiveCfg = Debug|Any CPU
		{AE1B22B0-CEC0-4807-B4F7-9750E34A3FA8}.Debug|Any CPU.Build.0 = Debug|Any CPU
		{AE1B22B0-CEC0-4807-B4F7-9750E34A3FA8}.Release|Any CPU.ActiveCfg = Release|Any CPU
		{AE1B22B0-CEC0-4807-B4F7-9750E34A3FA8}.Release|Any CPU.Build.0 = Release|Any CPU
	EndGlobalSection
	GlobalSection(SolutionProperties) = preSolution
		HideSolutionNode = FALSE
	EndGlobalSection
	GlobalSection(ExtensibilityGlobals) = postSolution
		SolutionGuid = {1164A9D2-4B61-41E0-B912-C59B9CF6D915}
	EndGlobalSection
EndGlobal
